
Microsoft Visual Studio Solution File, Format Version 12.00
# Visual Studio 15
VisualStudioVersion = 15.0.28307.1401
MinimumVisualStudioVersion = 10.0.40219.1
Project("{8BC9CEB8-8B4A-11D0-8D11-00A0C91BC942}") = "CourseWork", "CourseWork\CourseWork.vcxproj", "{4830F37D-19F7-45A2-B5AF-2FD63D66681D}"
EndProject
Global
	GlobalSection(SolutionConfigurationPlatforms) = preSolution
		Debug|x64 = Debug|x64
		Release|x64 = Release|x64
	EndGlobalSection
	GlobalSection(ProjectConfigurationPlatforms) = postSolution
		{4830F37D-19F7-45A2-B5AF-2FD63D66681D}.Debug|x64.ActiveCfg = Debug|x64
		{4830F37D-19F7-45A2-B5AF-2FD63D66681D}.Debug|x64.Build.0 = Debug|x64
		{4830F37D-19F7-45A2-B5AF-2FD63D66681D}.Release|x64.ActiveCfg = Release|x64
		{4830F37D-19F7-45A2-B5AF-2FD63D66681D}.Release|x64.Build.0 = Release|x64
	EndGlobalSection
	GlobalSection(SolutionProperties) = preSolution
		HideSolutionNode = FALSE
	EndGlobalSection
	GlobalSection(ExtensibilityGlobals) = postSolution
		SolutionGuid = {09DD3238-5A6B-4718-8F29-19F5BA8740ED}
	EndGlobalSection
EndGlobal
